// !$*UTF8*$!
{
	archiveVersion = 1;
	classes = {
	};
	objectVersion = 46;
	objects = {

/* Begin PBXBuildFile section */
		ADB82A791E8E3BDA00D4A28E /* main.m in Sources */ = {isa = PBXBuildFile; fileRef = ADB82A781E8E3BDA00D4A28E /* main.m */; };
		ADB82A7C1E8E3BDA00D4A28E /* AppDelegate.m in Sources */ = {isa = PBXBuildFile; fileRef = ADB82A7B1E8E3BDA00D4A28E /* AppDelegate.m */; };
		ADB82A7F1E8E3BDA00D4A28E /* ViewController.m in Sources */ = {isa = PBXBuildFile; fileRef = ADB82A7E1E8E3BDA00D4A28E /* ViewController.m */; };
		ADB82A821E8E3BDA00D4A28E /* Main.storyboard in Resources */ = {isa = PBXBuildFile; fileRef = ADB82A801E8E3BDA00D4A28E /* Main.storyboard */; };
		ADB82A841E8E3BDA00D4A28E /* Assets.xcassets in Resources */ = {isa = PBXBuildFile; fileRef = ADB82A831E8E3BDA00D4A28E /* Assets.xcassets */; };
		ADB82A871E8E3BDA00D4A28E /* LaunchScreen.storyboard in Resources */ = {isa = PBXBuildFile; fileRef = ADB82A851E8E3BDA00D4A28E /* LaunchScreen.storyboard */; };
		ADB82A921E8E3C0200D4A28E /* Cart@2x.png in Resources */ = {isa = PBXBuildFile; fileRef = ADB82A8E1E8E3C0200D4A28E /* Cart@2x.png */; };
		ADB82A931E8E3C0200D4A28E /* CartView.m in Sources */ = {isa = PBXBuildFile; fileRef = ADB82A901E8E3C0200D4A28E /* CartView.m */; };
		ADB82A941E8E3C0200D4A28E /* Tag@2x.png in Resources */ = {isa = PBXBuildFile; fileRef = ADB82A911E8E3C0200D4A28E /* Tag@2x.png */; };
/* End PBXBuildFile section */

/* Begin PBXFileReference section */
		ADB82A741E8E3BDA00D4A28E /* CartView.app */ = {isa = PBXFileReference; explicitFileType = wrapper.application; includeInIndex = 0; path = CartView.app; sourceTree = BUILT_PRODUCTS_DIR; };
		ADB82A781E8E3BDA00D4A28E /* main.m */ = {isa = PBXFileReference; lastKnownFileType = sourcecode.c.objc; path = main.m; sourceTree = "<group>"; };
		ADB82A7A1E8E3BDA00D4A28E /* AppDelegate.h */ = {isa = PBXFileReference; lastKnownFileType = sourcecode.c.h; path = AppDelegate.h; sourceTree = "<group>"; };
		ADB82A7B1E8E3BDA00D4A28E /* AppDelegate.m */ = {isa = PBXFileReference; lastKnownFileType = sourcecode.c.objc; path = AppDelegate.m; sourceTree = "<group>"; };
		ADB82A7D1E8E3BDA00D4A28E /* ViewController.h */ = {isa = PBXFileReference; lastKnownFileType = sourcecode.c.h; path = ViewController.h; sourceTree = "<group>"; };
		ADB82A7E1E8E3BDA00D4A28E /* ViewController.m */ = {isa = PBXFileReference; lastKnownFileType = sourcecode.c.objc; path = ViewController.m; sourceTree = "<group>"; };
		ADB82A811E8E3BDA00D4A28E /* Base */ = {isa = PBXFileReference; lastKnownFileType = file.storyboard; name = Base; path = Base.lproj/Main.storyboard; sourceTree = "<group>"; };
		ADB82A831E8E3BDA00D4A28E /* Assets.xcassets */ = {isa = PBXFileReference; lastKnownFileType = folder.assetcatalog; path = Assets.xcassets; sourceTree = "<group>"; };
		ADB82A861E8E3BDA00D4A28E /* Base */ = {isa = PBXFileReference; lastKnownFileType = file.storyboard; name = Base; path = Base.lproj/LaunchScreen.storyboard; sourceTree = "<group>"; };
		ADB82A881E8E3BDA00D4A28E /* Info.plist */ = {isa = PBXFileReference; lastKnownFileType = text.plist.xml; path = Info.plist; sourceTree = "<group>"; };
		ADB82A8E1E8E3C0200D4A28E /* Cart@2x.png */ = {isa = PBXFileReference; lastKnownFileType = image.png; path = "Cart@2x.png"; sourceTree = SOURCE_ROOT; };
		ADB82A8F1E8E3C0200D4A28E /* CartView.h */ = {isa = PBXFileReference; fileEncoding = 4; lastKnownFileType = sourcecode.c.h; path = CartView.h; sourceTree = SOURCE_ROOT; };
		ADB82A901E8E3C0200D4A28E /* CartView.m */ = {isa = PBXFileReference; fileEncoding = 4; lastKnownFileType = sourcecode.c.objc; path = CartView.m; sourceTree = SOURCE_ROOT; };
		ADB82A911E8E3C0200D4A28E /* Tag@2x.png */ = {isa = PBXFileReference; lastKnownFileType = image.png; path = "Tag@2x.png"; sourceTree = SOURCE_ROOT; };
/* End PBXFileReference section */

/* Begin PBXFrameworksBuildPhase section */
		ADB82A711E8E3BDA00D4A28E /* Frameworks */ = {
			isa = PBXFrameworksBuildPhase;
			buildActionMask = 2147483647;
			files = (
			);
			runOnlyForDeploymentPostprocessing = 0;
		};
/* End PBXFrameworksBuildPhase section */

/* Begin PBXGroup section */
		ADB82A6B1E8E3BDA00D4A28E = {
			isa = PBXGroup;
			children = (
				ADB82A761E8E3BDA00D4A28E /* CartView */,
				ADB82A751E8E3BDA00D4A28E /* Products */,
			);
			sourceTree = "<group>";
		};
		ADB82A751E8E3BDA00D4A28E /* Products */ = {
			isa = PBXGroup;
			children = (
				ADB82A741E8E3BDA00D4A28E /* CartView.app */,
			);
			name = Products;
			sourceTree = "<group>";
		};
		ADB82A761E8E3BDA00D4A28E /* CartView */ = {
			isa = PBXGroup;
			children = (
				ADB82A8E1E8E3C0200D4A28E /* Cart@2x.png */,
				ADB82A8F1E8E3C0200D4A28E /* CartView.h */,
				ADB82A901E8E3C0200D4A28E /* CartView.m */,
				ADB82A911E8E3C0200D4A28E /* Tag@2x.png */,
				ADB82A7A1E8E3BDA00D4A28E /* AppDelegate.h */,
				ADB82A7B1E8E3BDA00D4A28E /* AppDelegate.m */,
				ADB82A7D1E8E3BDA00D4A28E /* ViewController.h */,
				ADB82A7E1E8E3BDA00D4A28E /* ViewController.m */,
				ADB82A801E8E3BDA00D4A28E /* Main.storyboard */,
				ADB82A831E8E3BDA00D4A28E /* Assets.xcassets */,
				ADB82A851E8E3BDA00D4A28E /* LaunchScreen.storyboard */,
				ADB82A881E8E3BDA00D4A28E /* Info.plist */,
				ADB82A771E8E3BDA00D4A28E /* Supporting Files */,
			);
			path = CartView;
			sourceTree = "<group>";
		};
		ADB82A771E8E3BDA00D4A28E /* Supporting Files */ = {
			isa = PBXGroup;
			children = (
				ADB82A781E8E3BDA00D4A28E /* main.m */,
			);
			name = "Supporting Files";
			sourceTree = "<group>";
		};
/* End PBXGroup section */

/* Begin PBXNativeTarget section */
		ADB82A731E8E3BDA00D4A28E /* CartView */ = {
			isa = PBXNativeTarget;
			buildConfigurationList = ADB82A8B1E8E3BDA00D4A28E /* Build configuration list for PBXNativeTarget "CartView" */;
			buildPhases = (
				ADB82A701E8E3BDA00D4A28E /* Sources */,
				ADB82A711E8E3BDA00D4A28E /* Frameworks */,
				ADB82A721E8E3BDA00D4A28E /* Resources */,
			);
			buildRules = (
			);
			dependencies = (
			);
			name = CartView;
			productName = CartView;
			productReference = ADB82A741E8E3BDA00D4A28E /* CartView.app */;
			productType = "com.apple.product-type.application";
		};
/* End PBXNativeTarget section */

/* Begin PBXProject section */
		ADB82A6C1E8E3BDA00D4A28E /* Project object */ = {
			isa = PBXProject;
			attributes = {
				LastUpgradeCheck = 0830;
				ORGANIZATIONNAME = syang;
				TargetAttributes = {
					ADB82A731E8E3BDA00D4A28E = {
						CreatedOnToolsVersion = 8.3;
						ProvisioningStyle = Automatic;
					};
				};
			};
			buildConfigurationList = ADB82A6F1E8E3BDA00D4A28E /* Build configuration list for PBXProject "CartView" */;
			compatibilityVersion = "Xcode 3.2";
			developmentRegion = English;
			hasScannedForEncodings = 0;
			knownRegions = (
				en,
				Base,
			);
			mainGroup = ADB82A6B1E8E3BDA00D4A28E;
			productRefGroup = ADB82A751E8E3BDA00D4A28E /* Products */;
			projectDirPath = "";
			projectRoot = "";
			targets = (
				ADB82A731E8E3BDA00D4A28E /* CartView */,
			);
		};
/* End PBXProject section */

/* Begin PBXResourcesBuildPhase section */
		ADB82A721E8E3BDA00D4A28E /* Resources */ = {
			isa = PBXResourcesBuildPhase;
			buildActionMask = 2147483647;
			files = (
				ADB82A871E8E3BDA00D4A28E /* LaunchScreen.storyboard in Resources */,
				ADB82A841E8E3BDA00D4A28E /* Assets.xcassets in Resources */,
				ADB82A921E8E3C0200D4A28E /* Cart@2x.png in Resources */,
				ADB82A941E8E3C0200D4A28E /* Tag@2x.png in Resources */,
				ADB82A821E8E3BDA00D4A28E /* Main.storyboard in Resources */,
			);
			runOnlyForDeploymentPostprocessing = 0;
		};
/* End PBXResourcesBuildPhase section */

/* Begin PBXSourcesBuildPhase section */
		ADB82A701E8E3BDA00D4A28E /* Sources */ = {
			isa = PBXSourcesBuildPhase;
			buildActionMask = 2147483647;
			files = (
				ADB82A7F1E8E3BDA00D4A28E /* ViewController.m in Sources */,
				ADB82A7C1E8E3BDA00D4A28E /* AppDelegate.m in Sources */,
				ADB82A791E8E3BDA00D4A28E /* main.m in Sources */,
				ADB82A931E8E3C0200D4A28E /* CartView.m in Sources */,
			);
			runOnlyForDeploymentPostprocessing = 0;
		};
/* End PBXSourcesBuildPhase section */

/* Begin PBXVariantGroup section */
		ADB82A801E8E3BDA00D4A28E /* Main.storyboard */ = {
			isa = PBXVariantGroup;
			children = (
				ADB82A811E8E3BDA00D4A28E /* Base */,
			);
			name = Main.storyboard;
			sourceTree = "<group>";
		};
		ADB82A851E8E3BDA00D4A28E /* LaunchScreen.storyboard */ = {
			isa = PBXVariantGroup;
			children = (
				ADB82A861E8E3BDA00D4A28E /* Base */,
			);
			name = LaunchScreen.storyboard;
			sourceTree = "<group>";
		};
/* End PBXVariantGroup section */

/* Begin XCBuildConfiguration section */
		ADB82A891E8E3BDA00D4A28E /* Debug */ = {
			isa = XCBuildConfiguration;
			buildSettings = {
				ALWAYS_SEARCH_USER_PATHS = NO;
				CLANG_ANALYZER_NONNULL = YES;
				CLANG_ANALYZER_NUMBER_OBJECT_CONVERSION = YES_AGGRESSIVE;
				CLANG_CXX_LANGUAGE_STANDARD = "gnu++0x";
				CLANG_CXX_LIBRARY = "libc++";
				CLANG_ENABLE_MODULES = YES;
				CLANG_ENABLE_OBJC_ARC = YES;
				CLANG_WARN_BOOL_CONVERSION = YES;
				CLANG_WARN_CONSTANT_CONVERSION = YES;
				CLANG_WARN_DIRECT_OBJC_ISA_USAGE = YES_ERROR;
				CLANG_WARN_DOCUMENTATION_COMMENTS = YES;
				CLANG_WARN_EMPTY_BODY = YES;
				CLANG_WARN_ENUM_CONVERSION = YES;
				CLANG_WARN_INFINITE_RECURSION = YES;
				CLANG_WARN_INT_CONVERSION = YES;
				CLANG_WARN_OBJC_ROOT_CLASS = YES_ERROR;
				CLANG_WARN_SUSPICIOUS_MOVE = YES;
				CLANG_WARN_UNREACHABLE_CODE = YES;
				CLANG_WARN__DUPLICATE_METHOD_MATCH = YES;
				"CODE_SIGN_IDENTITY[sdk=iphoneos*]" = "iPhone Developer";
				COPY_PHASE_STRIP = NO;
				DEBUG_INFORMATION_FORMAT = dwarf;
				ENABLE_STRICT_OBJC_MSGSEND = YES;
				ENABLE_TESTABILITY = YES;
				GCC_C_LANGUAGE_STANDARD = gnu99;
				GCC_DYNAMIC_NO_PIC = NO;
				GCC_NO_COMMON_BLOCKS = YES;
				GCC_OPTIMIZATION_LEVEL = 0;
				GCC_PREPROCESSOR_DEFINITIONS = (
					"DEBUG=1",
					"$(inherited)",
				);
				GCC_WARN_64_TO_32_BIT_CONVERSION = YES;
				GCC_WARN_ABOUT_RETURN_TYPE = YES_ERROR;
				GCC_WARN_UNDECLARED_SELECTOR = YES;
				GCC_WARN_UNINITIALIZED_AUTOS = YES_AGGRESSIVE;
				GCC_WARN_UNUSED_FUNCTION = YES;
				GCC_WARN_UNUSED_VARIABLE = YES;
				IPHONEOS_DEPLOYMENT_TARGET = 8.0;
				MTL_ENABLE_DEBUG_INFO = YES;
				ONLY_ACTIVE_ARCH = YES;
				SDKROOT = iphoneos;
			};
			name = Debug;
		};
		ADB82A8A1E8E3BDA00D4A28E /* Release */ = {
			isa = XCBuildConfiguration;
			buildSettings = {
				ALWAYS_SEARCH_USER_PATHS = NO;
				CLANG_ANALYZER_NONNULL = YES;
				CLANG_ANALYZER_NUMBER_OBJECT_CONVERSION = YES_AGGRESSIVE;
				CLANG_CXX_LANGUAGE_STANDARD = "gnu++0x";
				CLANG_CXX_LIBRARY = "libc++";
				CLANG_ENABLE_MODULES = YES;
				CLANG_ENABLE_OBJC_ARC = YES;
				CLANG_WARN_BOOL_CONVERSION = YES;
				CLANG_WARN_CONSTANT_CONVERSION = YES;
				CLANG_WARN_DIRECT_OBJC_ISA_USAGE = YES_ERROR;
				CLANG_WARN_DOCUMENTATION_COMMENTS = YES;
				CLANG_WARN_EMPTY_BODY = YES;
				CLANG_WARN_ENUM_CONVERSION = YES;
				CLANG_WARN_INFINITE_RECURSION = YES;
				CLANG_WARN_INT_CONVERSION = YES;
				CLANG_WARN_OBJC_ROOT_CLASS = YES_ERROR;
				CLANG_WARN_SUSPICIOUS_MOVE = YES;
				CLANG_WARN_UNREACHABLE_CODE = YES;
				CLANG_WARN__DUPLICATE_METHOD_MATCH = YES;
				"CODE_SIGN_IDENTITY[sdk=iphoneos*]" = "iPhone Developer";
				COPY_PHASE_STRIP = NO;
				DEBUG_INFORMATION_FORMAT = "dwarf-with-dsym";
				ENABLE_NS_ASSERTIONS = NO;
				ENABLE_STRICT_OBJC_MSGSEND = YES;
				GCC_C_LANGUAGE_STANDARD = gnu99;
				GCC_NO_COMMON_BLOCKS = YES;
				GCC_WARN_64_TO_32_BIT_CONVERSION = YES;
				GCC_WARN_ABOUT_RETURN_TYPE = YES_ERROR;
				GCC_WARN_UNDECLARED_SELECTOR = YES;
				GCC_WARN_UNINITIALIZED_AUTOS = YES_AGGRESSIVE;
				GCC_WARN_UNUSED_FUNCTION = YES;
				GCC_WARN_UNUSED_VARIABLE = YES;
				IPHONEOS_DEPLOYMENT_TARGET = 8.0;
				MTL_ENABLE_DEBUG_INFO = NO;
				SDKROOT = iphoneos;
				VALIDATE_PRODUCT = YES;
			};
			name = Release;
		};
		ADB82A8C1E8E3BDA00D4A28E /* Debug */ = {
			isa = XCBuildConfiguration;
			buildSettings = {
				ASSETCATALOG_COMPILER_APPICON_NAME = AppIcon;
				INFOPLIST_FILE = CartView/Info.plist;
				LD_RUNPATH_SEARCH_PATHS = "$(inherited) @executable_path/Frameworks";
				PRODUCT_BUNDLE_IDENTIFIER = com.syang.CartView;
				PRODUCT_NAME = "$(TARGET_NAME)";
			};
			name = Debug;
		};
		ADB82A8D1E8E3BDA00D4A28E /* Release */ = {
			isa = XCBuildConfiguration;
			buildSettings = {
				ASSETCATALOG_COMPILER_APPICON_NAME = AppIcon;
				INFOPLIST_FILE = CartView/Info.plist;
				LD_RUNPATH_SEARCH_PATHS = "$(inherited) @executable_path/Frameworks";
				PRODUCT_BUNDLE_IDENTIFIER = com.syang.CartView;
				PRODUCT_NAME = "$(TARGET_NAME)";
			};
			name = Release;
		};
/* End XCBuildConfiguration section */

/* Begin XCConfigurationList section */
		ADB82A6F1E8E3BDA00D4A28E /* Build configuration list for PBXProject "CartView" */ = {
			isa = XCConfigurationList;
			buildConfigurations = (
				ADB82A891E8E3BDA00D4A28E /* Debug */,
				ADB82A8A1E8E3BDA00D4A28E /* Release */,
			);
			defaultConfigurationIsVisible = 0;
			defaultConfigurationName = Release;
		};
		ADB82A8B1E8E3BDA00D4A28E /* Build configuration list for PBXNativeTarget "CartView" */ = {
			isa = XCConfigurationList;
			buildConfigurations = (
				ADB82A8C1E8E3BDA00D4A28E /* Debug */,
				ADB82A8D1E8E3BDA00D4A28E /* Release */,
			);
			defaultConfigurationIsVisible = 0;
			defaultConfigurationName = Release;
		};
/* End XCConfigurationList section */
	};
	rootObject = ADB82A6C1E8E3BDA00D4A28E /* Project object */;
}
